
Microsoft Visual Studio Solution File, Format Version 12.00
# Visual Studio Version 17
VisualStudioVersion = 17.14.36121.58
MinimumVisualStudioVersion = 10.0.40219.1
Project("{FAE04EC0-301F-11D3-BF4B-00C04F79EFBC}") = "ToDoApp.WebApi", "ToDoApp-Server\ToDoApp.WebApi.csproj", "{BDA9519A-4922-44C3-B9C3-964E3965F1AD}"
EndProject
Project("{FAE04EC0-301F-11D3-BF4B-00C04F79EFBC}") = "ToDoApp.BLL", "ToDoApp.BLL\ToDoApp.BLL.csproj", "{C1AE06BE-CA7C-42CD-B922-89B1093C8200}"
EndProject
Project("{FAE04EC0-301F-11D3-BF4B-00C04F79EFBC}") = "ToDoApp.DAL", "ToDoApp.DAL\ToDoApp.DAL.csproj", "{A741E8F0-B5DE-4BD3-AEAB-6372763E71A1}"
EndProject
Project("{FAE04EC0-301F-11D3-BF4B-00C04F79EFBC}") = "ToDoApp.XunitTests", "ToDoApp.XunitTests\ToDoApp.XunitTests.csproj", "{F706F55A-6063-47F9-A239-7C37733988A9}"
EndProject
Global
	GlobalSection(SolutionConfigurationPlatforms) = preSolution
		Debug|Any CPU = Debug|Any CPU
		Release|Any CPU = Release|Any CPU
	EndGlobalSection
	GlobalSection(ProjectConfigurationPlatforms) = postSolution
		{BDA9519A-4922-44C3-B9C3-964E3965F1AD}.Debug|Any CPU.ActiveCfg = Debug|Any CPU
		{BDA9519A-4922-44C3-B9C3-964E3965F1AD}.Debug|Any CPU.Build.0 = Debug|Any CPU
		{BDA9519A-4922-44C3-B9C3-964E3965F1AD}.Release|Any CPU.ActiveCfg = Release|Any CPU
		{BDA9519A-4922-44C3-B9C3-964E3965F1AD}.Release|Any CPU.Build.0 = Release|Any CPU
		{C1AE06BE-CA7C-42CD-B922-89B1093C8200}.Debug|Any CPU.ActiveCfg = Debug|Any CPU
		{C1AE06BE-CA7C-42CD-B922-89B1093C8200}.Debug|Any CPU.Build.0 = Debug|Any CPU
		{C1AE06BE-CA7C-42CD-B922-89B1093C8200}.Release|Any CPU.ActiveCfg = Release|Any CPU
		{C1AE06BE-CA7C-42CD-B922-89B1093C8200}.Release|Any CPU.Build.0 = Release|Any CPU
		{A741E8F0-B5DE-4BD3-AEAB-6372763E71A1}.Debug|Any CPU.ActiveCfg = Debug|Any CPU
		{A741E8F0-B5DE-4BD3-AEAB-6372763E71A1}.Debug|Any CPU.Build.0 = Debug|Any CPU
		{A741E8F0-B5DE-4BD3-AEAB-6372763E71A1}.Release|Any CPU.ActiveCfg = Release|Any CPU
		{A741E8F0-B5DE-4BD3-AEAB-6372763E71A1}.Release|Any CPU.Build.0 = Release|Any CPU
		{F706F55A-6063-47F9-A239-7C37733988A9}.Debug|Any CPU.ActiveCfg = Debug|Any CPU
		{F706F55A-6063-47F9-A239-7C37733988A9}.Debug|Any CPU.Build.0 = Debug|Any CPU
		{F706F55A-6063-47F9-A239-7C37733988A9}.Release|Any CPU.ActiveCfg = Release|Any CPU
		{F706F55A-6063-47F9-A239-7C37733988A9}.Release|Any CPU.Build.0 = Release|Any CPU
	EndGlobalSection
	GlobalSection(SolutionProperties) = preSolution
		HideSolutionNode = FALSE
	EndGlobalSection
	GlobalSection(ExtensibilityGlobals) = postSolution
		SolutionGuid = {BDBE22B0-F2D2-4E7D-A48F-3A42AC9BF655}
	EndGlobalSection
EndGlobal
